{
  "name": "GTU_imp",
  "lockfileVersion": 2,
  "requires": true,
  "packages": {
    "": {
      "dependencies": {
        "@vercel/analytics": "^0.1.6"
      }
    },
    "node_modules/@vercel/analytics": {
      "version": "0.1.6",
      "resolved": "https://registry.npmjs.org/@vercel/analytics/-/analytics-0.1.6.tgz",
      "integrity": "sha512-zNd5pj3iDvq8IMBQHa1YRcIteiw6ZiPB8AsONHd8ieFXlNpLqhXfIYnf4WvTfZ7S1NSJ++mIM14aJnNac/VMXQ==",
      "peerDependencies": {
        "react": "^16.8||^17||^18"
      }
    }
  },
  "dependencies": {
    "@vercel/analytics": {
      "version": "0.1.6",
      "resolved": "https://registry.npmjs.org/@vercel/analytics/-/analytics-0.1.6.tgz",
      "integrity": "sha512-zNd5pj3iDvq8IMBQHa1YRcIteiw6ZiPB8AsONHd8ieFXlNpLqhXfIYnf4WvTfZ7S1NSJ++mIM14aJnNac/VMXQ=="
    }
  }
}
